// !$*UTF8*$!
{
	archiveVersion = 1;
	classes = {
	};
	objectVersion = 48;
	objects = {

/* Begin PBXBuildFile section */
		0489149F1F9FB28600443B05 /* AppDelegate.swift in Sources */ = {isa = PBXBuildFile; fileRef = 0489149E1F9FB28600443B05 /* AppDelegate.swift */; };
		048914A11F9FB28600443B05 /* ViewController.swift in Sources */ = {isa = PBXBuildFile; fileRef = 048914A01F9FB28600443B05 /* ViewController.swift */; };
		048914A41F9FB28600443B05 /* Main.storyboard in Resources */ = {isa = PBXBuildFile; fileRef = 048914A21F9FB28600443B05 /* Main.storyboard */; };
		048914A71F9FB28600443B05 /* ICICS_Rooms.xcdatamodeld in Sources */ = {isa = PBXBuildFile; fileRef = 048914A51F9FB28600443B05 /* ICICS_Rooms.xcdatamodeld */; };
		048914A91F9FB28600443B05 /* Assets.xcassets in Resources */ = {isa = PBXBuildFile; fileRef = 048914A81F9FB28600443B05 /* Assets.xcassets */; };
		048914AC1F9FB28600443B05 /* LaunchScreen.storyboard in Resources */ = {isa = PBXBuildFile; fileRef = 048914AA1F9FB28600443B05 /* LaunchScreen.storyboard */; };
/* End PBXBuildFile section */

/* Begin PBXFileReference section */
		0489149B1F9FB28600443B05 /* ICICS Rooms.app */ = {isa = PBXFileReference; explicitFileType = wrapper.application; includeInIndex = 0; path = "ICICS Rooms.app"; sourceTree = BUILT_PRODUCTS_DIR; };
		0489149E1F9FB28600443B05 /* AppDelegate.swift */ = {isa = PBXFileReference; lastKnownFileType = sourcecode.swift; path = AppDelegate.swift; sourceTree = "<group>"; };
		048914A01F9FB28600443B05 /* ViewController.swift */ = {isa = PBXFileReference; lastKnownFileType = sourcecode.swift; path = ViewController.swift; sourceTree = "<group>"; };
		048914A31F9FB28600443B05 /* Base */ = {isa = PBXFileReference; lastKnownFileType = file.storyboard; name = Base; path = Base.lproj/Main.storyboard; sourceTree = "<group>"; };
		048914A61F9FB28600443B05 /* ICICS_Rooms.xcdatamodel */ = {isa = PBXFileReference; lastKnownFileType = wrapper.xcdatamodel; path = ICICS_Rooms.xcdatamodel; sourceTree = "<group>"; };
		048914A81F9FB28600443B05 /* Assets.xcassets */ = {isa = PBXFileReference; lastKnownFileType = folder.assetcatalog; path = Assets.xcassets; sourceTree = "<group>"; };
		048914AB1F9FB28600443B05 /* Base */ = {isa = PBXFileReference; lastKnownFileType = file.storyboard; name = Base; path = Base.lproj/LaunchScreen.storyboard; sourceTree = "<group>"; };
		048914AD1F9FB28600443B05 /* Info.plist */ = {isa = PBXFileReference; lastKnownFileType = text.plist.xml; path = Info.plist; sourceTree = "<group>"; };
/* End PBXFileReference section */

/* Begin PBXFrameworksBuildPhase section */
		048914981F9FB28600443B05 /* Frameworks */ = {
			isa = PBXFrameworksBuildPhase;
			buildActionMask = 2147483647;
			files = (
			);
			runOnlyForDeploymentPostprocessing = 0;
		};
/* End PBXFrameworksBuildPhase section */

/* Begin PBXGroup section */
		048914921F9FB28600443B05 = {
			isa = PBXGroup;
			children = (
				0489149D1F9FB28600443B05 /* ICICS Rooms */,
				0489149C1F9FB28600443B05 /* Products */,
			);
			sourceTree = "<group>";
		};
		0489149C1F9FB28600443B05 /* Products */ = {
			isa = PBXGroup;
			children = (
				0489149B1F9FB28600443B05 /* ICICS Rooms.app */,
			);
			name = Products;
			sourceTree = "<group>";
		};
		0489149D1F9FB28600443B05 /* ICICS Rooms */ = {
			isa = PBXGroup;
			children = (
				0489149E1F9FB28600443B05 /* AppDelegate.swift */,
				048914A01F9FB28600443B05 /* ViewController.swift */,
				048914A21F9FB28600443B05 /* Main.storyboard */,
				048914A81F9FB28600443B05 /* Assets.xcassets */,
				048914AA1F9FB28600443B05 /* LaunchScreen.storyboard */,
				048914AD1F9FB28600443B05 /* Info.plist */,
				048914A51F9FB28600443B05 /* ICICS_Rooms.xcdatamodeld */,
			);
			path = "ICICS Rooms";
			sourceTree = "<group>";
		};
/* End PBXGroup section */

/* Begin PBXNativeTarget section */
		0489149A1F9FB28600443B05 /* ICICS Rooms */ = {
			isa = PBXNativeTarget;
			buildConfigurationList = 048914B01F9FB28600443B05 /* Build configuration list for PBXNativeTarget "ICICS Rooms" */;
			buildPhases = (
				048914971F9FB28600443B05 /* Sources */,
				048914981F9FB28600443B05 /* Frameworks */,
				048914991F9FB28600443B05 /* Resources */,
			);
			buildRules = (
			);
			dependencies = (
			);
			name = "ICICS Rooms";
			productName = "ICICS Rooms";
			productReference = 0489149B1F9FB28600443B05 /* ICICS Rooms.app */;
			productType = "com.apple.product-type.application";
		};
/* End PBXNativeTarget section */

/* Begin PBXProject section */
		048914931F9FB28600443B05 /* Project object */ = {
			isa = PBXProject;
			attributes = {
				LastSwiftUpdateCheck = 0900;
				LastUpgradeCheck = 0900;
				ORGANIZATIONNAME = Masoud;
				TargetAttributes = {
					0489149A1F9FB28600443B05 = {
						CreatedOnToolsVersion = 9.0.1;
						ProvisioningStyle = Automatic;
					};
				};
			};
			buildConfigurationList = 048914961F9FB28600443B05 /* Build configuration list for PBXProject "ICICS Rooms" */;
			compatibilityVersion = "Xcode 8.0";
			developmentRegion = en;
			hasScannedForEncodings = 0;
			knownRegions = (
				en,
				Base,
			);
			mainGroup = 048914921F9FB28600443B05;
			productRefGroup = 0489149C1F9FB28600443B05 /* Products */;
			projectDirPath = "";
			projectRoot = "";
			targets = (
				0489149A1F9FB28600443B05 /* ICICS Rooms */,
			);
		};
/* End PBXProject section */

/* Begin PBXResourcesBuildPhase section */
		048914991F9FB28600443B05 /* Resources */ = {
			isa = PBXResourcesBuildPhase;
			buildActionMask = 2147483647;
			files = (
				048914AC1F9FB28600443B05 /* LaunchScreen.storyboard in Resources */,
				048914A91F9FB28600443B05 /* Assets.xcassets in Resources */,
				048914A41F9FB28600443B05 /* Main.storyboard in Resources */,
			);
			runOnlyForDeploymentPostprocessing = 0;
		};
/* End PBXResourcesBuildPhase section */

/* Begin PBXSourcesBuildPhase section */
		048914971F9FB28600443B05 /* Sources */ = {
			isa = PBXSourcesBuildPhase;
			buildActionMask = 2147483647;
			files = (
				048914A11F9FB28600443B05 /* ViewController.swift in Sources */,
				048914A71F9FB28600443B05 /* ICICS_Rooms.xcdatamodeld in Sources */,
				0489149F1F9FB28600443B05 /* AppDelegate.swift in Sources */,
			);
			runOnlyForDeploymentPostprocessing = 0;
		};
/* End PBXSourcesBuildPhase section */

/* Begin PBXVariantGroup section */
		048914A21F9FB28600443B05 /* Main.storyboard */ = {
			isa = PBXVariantGroup;
			children = (
				048914A31F9FB28600443B05 /* Base */,
			);
			name = Main.storyboard;
			sourceTree = "<group>";
		};
		048914AA1F9FB28600443B05 /* LaunchScreen.storyboard */ = {
			isa = PBXVariantGroup;
			children = (
				048914AB1F9FB28600443B05 /* Base */,
			);
			name = LaunchScreen.storyboard;
			sourceTree = "<group>";
		};
/* End PBXVariantGroup section */

/* Begin XCBuildConfiguration section */
		048914AE1F9FB28600443B05 /* Debug */ = {
			isa = XCBuildConfiguration;
			buildSettings = {
				ALWAYS_SEARCH_USER_PATHS = NO;
				CLANG_ANALYZER_NONNULL = YES;
				CLANG_ANALYZER_NUMBER_OBJECT_CONVERSION = YES_AGGRESSIVE;
				CLANG_CXX_LANGUAGE_STANDARD = "gnu++14";
				CLANG_CXX_LIBRARY = "libc++";
				CLANG_ENABLE_MODULES = YES;
				CLANG_ENABLE_OBJC_ARC = YES;
				CLANG_WARN_BLOCK_CAPTURE_AUTORELEASING = YES;
				CLANG_WARN_BOOL_CONVERSION = YES;
				CLANG_WARN_COMMA = YES;
				CLANG_WARN_CONSTANT_CONVERSION = YES;
				CLANG_WARN_DIRECT_OBJC_ISA_USAGE = YES_ERROR;
				CLANG_WARN_DOCUMENTATION_COMMENTS = YES;
				CLANG_WARN_EMPTY_BODY = YES;
				CLANG_WARN_ENUM_CONVERSION = YES;
				CLANG_WARN_INFINITE_RECURSION = YES;
				CLANG_WARN_INT_CONVERSION = YES;
				CLANG_WARN_NON_LITERAL_NULL_CONVERSION = YES;
				CLANG_WARN_OBJC_LITERAL_CONVERSION = YES;
				CLANG_WARN_OBJC_ROOT_CLASS = YES_ERROR;
				CLANG_WARN_RANGE_LOOP_ANALYSIS = YES;
				CLANG_WARN_STRICT_PROTOTYPES = YES;
				CLANG_WARN_SUSPICIOUS_MOVE = YES;
				CLANG_WARN_UNGUARDED_AVAILABILITY = YES_AGGRESSIVE;
				CLANG_WARN_UNREACHABLE_CODE = YES;
				CLANG_WARN__DUPLICATE_METHOD_MATCH = YES;
				CODE_SIGN_IDENTITY = "iPhone Developer";
				COPY_PHASE_STRIP = NO;
				DEBUG_INFORMATION_FORMAT = dwarf;
				ENABLE_STRICT_OBJC_MSGSEND = YES;
				ENABLE_TESTABILITY = YES;
				GCC_C_LANGUAGE_STANDARD = gnu11;
				GCC_DYNAMIC_NO_PIC = NO;
				GCC_NO_COMMON_BLOCKS = YES;
				GCC_OPTIMIZATION_LEVEL = 0;
				GCC_PREPROCESSOR_DEFINITIONS = (
					"DEBUG=1",
					"$(inherited)",
				);
				GCC_WARN_64_TO_32_BIT_CONVERSION = YES;
				GCC_WARN_ABOUT_RETURN_TYPE = YES_ERROR;
				GCC_WARN_UNDECLARED_SELECTOR = YES;
				GCC_WARN_UNINITIALIZED_AUTOS = YES_AGGRESSIVE;
				GCC_WARN_UNUSED_FUNCTION = YES;
				GCC_WARN_UNUSED_VARIABLE = YES;
				IPHONEOS_DEPLOYMENT_TARGET = 11.0;
				MTL_ENABLE_DEBUG_INFO = YES;
				ONLY_ACTIVE_ARCH = YES;
				SDKROOT = iphoneos;
				SWIFT_ACTIVE_COMPILATION_CONDITIONS = DEBUG;
				SWIFT_OPTIMIZATION_LEVEL = "-Onone";
			};
			name = Debug;
		};
		048914AF1F9FB28600443B05 /* Release */ = {
			isa = XCBuildConfiguration;
			buildSettings = {
				ALWAYS_SEARCH_USER_PATHS = NO;
				CLANG_ANALYZER_NONNULL = YES;
				CLANG_ANALYZER_NUMBER_OBJECT_CONVERSION = YES_AGGRESSIVE;
				CLANG_CXX_LANGUAGE_STANDARD = "gnu++14";
				CLANG_CXX_LIBRARY = "libc++";
				CLANG_ENABLE_MODULES = YES;
				CLANG_ENABLE_OBJC_ARC = YES;
				CLANG_WARN_BLOCK_CAPTURE_AUTORELEASING = YES;
				CLANG_WARN_BOOL_CONVERSION = YES;
				CLANG_WARN_COMMA = YES;
				CLANG_WARN_CONSTANT_CONVERSION = YES;
				CLANG_WARN_DIRECT_OBJC_ISA_USAGE = YES_ERROR;
				CLANG_WARN_DOCUMENTATION_COMMENTS = YES;
				CLANG_WARN_EMPTY_BODY = YES;
				CLANG_WARN_ENUM_CONVERSION = YES;
				CLANG_WARN_INFINITE_RECURSION = YES;
				CLANG_WARN_INT_CONVERSION = YES;
				CLANG_WARN_NON_LITERAL_NULL_CONVERSION = YES;
				CLANG_WARN_OBJC_LITERAL_CONVERSION = YES;
				CLANG_WARN_OBJC_ROOT_CLASS = YES_ERROR;
				CLANG_WARN_RANGE_LOOP_ANALYSIS = YES;
				CLANG_WARN_STRICT_PROTOTYPES = YES;
				CLANG_WARN_SUSPICIOUS_MOVE = YES;
				CLANG_WARN_UNGUARDED_AVAILABILITY = YES_AGGRESSIVE;
				CLANG_WARN_UNREACHABLE_CODE = YES;
				CLANG_WARN__DUPLICATE_METHOD_MATCH = YES;
				CODE_SIGN_IDENTITY = "iPhone Developer";
				COPY_PHASE_STRIP = NO;
				DEBUG_INFORMATION_FORMAT = "dwarf-with-dsym";
				ENABLE_NS_ASSERTIONS = NO;
				ENABLE_STRICT_OBJC_MSGSEND = YES;
				GCC_C_LANGUAGE_STANDARD = gnu11;
				GCC_NO_COMMON_BLOCKS = YES;
				GCC_WARN_64_TO_32_BIT_CONVERSION = YES;
				GCC_WARN_ABOUT_RETURN_TYPE = YES_ERROR;
				GCC_WARN_UNDECLARED_SELECTOR = YES;
				GCC_WARN_UNINITIALIZED_AUTOS = YES_AGGRESSIVE;
				GCC_WARN_UNUSED_FUNCTION = YES;
				GCC_WARN_UNUSED_VARIABLE = YES;
				IPHONEOS_DEPLOYMENT_TARGET = 11.0;
				MTL_ENABLE_DEBUG_INFO = NO;
				SDKROOT = iphoneos;
				SWIFT_OPTIMIZATION_LEVEL = "-Owholemodule";
				VALIDATE_PRODUCT = YES;
			};
			name = Release;
		};
		048914B11F9FB28600443B05 /* Debug */ = {
			isa = XCBuildConfiguration;
			buildSettings = {
				ASSETCATALOG_COMPILER_APPICON_NAME = AppIcon;
				CODE_SIGN_STYLE = Automatic;
				DEVELOPMENT_TEAM = RJVXU93GGW;
				INFOPLIST_FILE = "ICICS Rooms/Info.plist";
				LD_RUNPATH_SEARCH_PATHS = "$(inherited) @executable_path/Frameworks";
				PRODUCT_BUNDLE_IDENTIFIER = "com.goro341.ICICS-Rooms";
				PRODUCT_NAME = "$(TARGET_NAME)";
				SWIFT_VERSION = 4.0;
				TARGETED_DEVICE_FAMILY = "1,2";
			};
			name = Debug;
		};
		048914B21F9FB28600443B05 /* Release */ = {
			isa = XCBuildConfiguration;
			buildSettings = {
				ASSETCATALOG_COMPILER_APPICON_NAME = AppIcon;
				CODE_SIGN_STYLE = Automatic;
				DEVELOPMENT_TEAM = RJVXU93GGW;
				INFOPLIST_FILE = "ICICS Rooms/Info.plist";
				LD_RUNPATH_SEARCH_PATHS = "$(inherited) @executable_path/Frameworks";
				PRODUCT_BUNDLE_IDENTIFIER = "com.goro341.ICICS-Rooms";
				PRODUCT_NAME = "$(TARGET_NAME)";
				SWIFT_VERSION = 4.0;
				TARGETED_DEVICE_FAMILY = "1,2";
			};
			name = Release;
		};
/* End XCBuildConfiguration section */

/* Begin XCConfigurationList section */
		048914961F9FB28600443B05 /* Build configuration list for PBXProject "ICICS Rooms" */ = {
			isa = XCConfigurationList;
			buildConfigurations = (
				048914AE1F9FB28600443B05 /* Debug */,
				048914AF1F9FB28600443B05 /* Release */,
			);
			defaultConfigurationIsVisible = 0;
			defaultConfigurationName = Release;
		};
		048914B01F9FB28600443B05 /* Build configuration list for PBXNativeTarget "ICICS Rooms" */ = {
			isa = XCConfigurationList;
			buildConfigurations = (
				048914B11F9FB28600443B05 /* Debug */,
				048914B21F9FB28600443B05 /* Release */,
			);
			defaultConfigurationIsVisible = 0;
			defaultConfigurationName = Release;
		};
/* End XCConfigurationList section */

/* Begin XCVersionGroup section */
		048914A51F9FB28600443B05 /* ICICS_Rooms.xcdatamodeld */ = {
			isa = XCVersionGroup;
			children = (
				048914A61F9FB28600443B05 /* ICICS_Rooms.xcdatamodel */,
			);
			currentVersion = 048914A61F9FB28600443B05 /* ICICS_Rooms.xcdatamodel */;
			path = ICICS_Rooms.xcdatamodeld;
			sourceTree = "<group>";
			versionGroupType = wrapper.xcdatamodel;
		};
/* End XCVersionGroup section */
	};
	rootObject = 048914931F9FB28600443B05 /* Project object */;
}
